# THIS IS AN AUTOGENERATED FILE. DO NOT EDIT THIS FILE DIRECTLY.
# yarn lockfile v1


"@types/estree@0.0.39":
  version "0.0.39"
  resolved "https://registry.yarnpkg.com/@types/estree/-/estree-0.0.39.tgz#e177e699ee1b8c22d23174caaa7422644389509f"
  integrity sha512-EYNwp3bU+98cpU4lAWYYL7Zz+2gryWH1qbdDTidVd6hkiR6weksdbMadyXKXNPEkQFhXM+hVO9ZygomHXp+AIw==

"@types/node@*":
  version "10.12.2"
  resolved "https://registry.yarnpkg.com/@types/node/-/node-10.12.2.tgz#d77f9faa027cadad9c912cd47f4f8b07b0fb0864"
  integrity sha512-53ElVDSnZeFUUFIYzI8WLQ25IhWzb6vbddNp8UHlXQyU0ET2RhV5zg0NfubzU7iNMh5bBXb0htCzfvrSVNgzaQ==

rollup-plugin-peer-deps-external@^2.2.0:
  version "2.2.0"
  resolved "https://registry.yarnpkg.com/rollup-plugin-peer-deps-external/-/rollup-plugin-peer-deps-external-2.2.0.tgz#99ef9231aa01736f3e9605b7c3084a0d627f665b"
  integrity sha512-BmJMHUWQcvjS2dQMwJ7dzvdbwpRChnq4AYk2sTU/4aySt9Kumk8y8W3HhTHss31wxzKb0AC/wsiX1AqDcOBIEA==

rollup@^0.67.0:
  version "0.67.0"
  resolved "https://registry.yarnpkg.com/rollup/-/rollup-0.67.0.tgz#16d4f259c55224dded6408e7666b7731500797a3"
  integrity sha512-p34buXxArhwv9ieTdHvdhdo65Cbig68s/Z8llbZuiX5e+3zCqnBF02Ck9IH0tECrmvvrJVMws32Ry84hTnS1Tw==
  dependencies:
    "@types/estree" "0.0.39"
    "@types/node" "*"
